# Auto-generated by stacy - do not edit manually
# Use `stacy install` to manage packages

version = "1"

[packages.ftools]
version = "20230820"
checksum = "sha256:14af94e03edd2e5f12021a8967afe1eee2dc7ebd8bf95bfbf85cd385e8bc90c8"

[packages.ftools.source]
type = "GitHub"
repo = "sergiocorreia/ftools"
tag = "main"
